
Microsoft Visual Studio Solution File, Format Version 12.00
# Visual Studio Version 17
VisualStudioVersion = 17.5.002.0
MinimumVisualStudioVersion = 10.0.40219.1
Project("{9A19103F-16F7-4668-BE54-9A1E7A4F7556}") = "Dotnet-Project", "Dotnet-Project.csproj", "{12F28DC1-718E-4478-A9D3-F592441036EF}"
EndProject
Global
	GlobalSection(SolutionConfigurationPlatforms) = preSolution
		Debug|Any CPU = Debug|Any CPU
		Release|Any CPU = Release|Any CPU
	EndGlobalSection
	GlobalSection(ProjectConfigurationPlatforms) = postSolution
		{12F28DC1-718E-4478-A9D3-F592441036EF}.Debug|Any CPU.ActiveCfg = Debug|Any CPU
		{12F28DC1-718E-4478-A9D3-F592441036EF}.Debug|Any CPU.Build.0 = Debug|Any CPU
		{12F28DC1-718E-4478-A9D3-F592441036EF}.Release|Any CPU.ActiveCfg = Release|Any CPU
		{12F28DC1-718E-4478-A9D3-F592441036EF}.Release|Any CPU.Build.0 = Release|Any CPU
	EndGlobalSection
	GlobalSection(SolutionProperties) = preSolution
		HideSolutionNode = FALSE
	EndGlobalSection
	GlobalSection(ExtensibilityGlobals) = postSolution
		SolutionGuid = {2AB5087E-8D41-4718-A2B6-33EA77A15C6C}
	EndGlobalSection
EndGlobal
